// !$*UTF8*$!
{
	archiveVersion = 1;
	classes = {
	};
	objectVersion = 46;
	objects = {

/* Begin PBXBuildFile section */
		A63601F21DD17F7C0010D6EA /* AppDelegate.swift in Sources */ = {isa = PBXBuildFile; fileRef = A63601F11DD17F7C0010D6EA /* AppDelegate.swift */; };
		A63601F41DD17F7C0010D6EA /* ViewController.swift in Sources */ = {isa = PBXBuildFile; fileRef = A63601F31DD17F7C0010D6EA /* ViewController.swift */; };
		A63601F71DD17F7C0010D6EA /* Main.storyboard in Resources */ = {isa = PBXBuildFile; fileRef = A63601F51DD17F7C0010D6EA /* Main.storyboard */; };
		A63601F91DD17F7C0010D6EA /* Assets.xcassets in Resources */ = {isa = PBXBuildFile; fileRef = A63601F81DD17F7C0010D6EA /* Assets.xcassets */; };
		A63601FC1DD17F7C0010D6EA /* LaunchScreen.storyboard in Resources */ = {isa = PBXBuildFile; fileRef = A63601FA1DD17F7C0010D6EA /* LaunchScreen.storyboard */; };
		A63602071DD17F7C0010D6EA /* listEverythingAppTests.swift in Sources */ = {isa = PBXBuildFile; fileRef = A63602061DD17F7C0010D6EA /* listEverythingAppTests.swift */; };
		A63602121DD188810010D6EA /* List.swift in Sources */ = {isa = PBXBuildFile; fileRef = A63602111DD188810010D6EA /* List.swift */; };
/* End PBXBuildFile section */

/* Begin PBXContainerItemProxy section */
		A63602031DD17F7C0010D6EA /* PBXContainerItemProxy */ = {
			isa = PBXContainerItemProxy;
			containerPortal = A63601E61DD17F7C0010D6EA /* Project object */;
			proxyType = 1;
			remoteGlobalIDString = A63601ED1DD17F7C0010D6EA;
			remoteInfo = listEverythingApp;
		};
/* End PBXContainerItemProxy section */

/* Begin PBXFileReference section */
		A63601EE1DD17F7C0010D6EA /* listEverythingApp.app */ = {isa = PBXFileReference; explicitFileType = wrapper.application; includeInIndex = 0; path = listEverythingApp.app; sourceTree = BUILT_PRODUCTS_DIR; };
		A63601F11DD17F7C0010D6EA /* AppDelegate.swift */ = {isa = PBXFileReference; lastKnownFileType = sourcecode.swift; path = AppDelegate.swift; sourceTree = "<group>"; };
		A63601F31DD17F7C0010D6EA /* ViewController.swift */ = {isa = PBXFileReference; lastKnownFileType = sourcecode.swift; path = ViewController.swift; sourceTree = "<group>"; };
		A63601F61DD17F7C0010D6EA /* Base */ = {isa = PBXFileReference; lastKnownFileType = file.storyboard; name = Base; path = Base.lproj/Main.storyboard; sourceTree = "<group>"; };
		A63601F81DD17F7C0010D6EA /* Assets.xcassets */ = {isa = PBXFileReference; lastKnownFileType = folder.assetcatalog; path = Assets.xcassets; sourceTree = "<group>"; };
		A63601FB1DD17F7C0010D6EA /* Base */ = {isa = PBXFileReference; lastKnownFileType = file.storyboard; name = Base; path = Base.lproj/LaunchScreen.storyboard; sourceTree = "<group>"; };
		A63601FD1DD17F7C0010D6EA /* Info.plist */ = {isa = PBXFileReference; lastKnownFileType = text.plist.xml; path = Info.plist; sourceTree = "<group>"; };
		A63602021DD17F7C0010D6EA /* listEverythingAppTests.xctest */ = {isa = PBXFileReference; explicitFileType = wrapper.cfbundle; includeInIndex = 0; path = listEverythingAppTests.xctest; sourceTree = BUILT_PRODUCTS_DIR; };
		A63602061DD17F7C0010D6EA /* listEverythingAppTests.swift */ = {isa = PBXFileReference; lastKnownFileType = sourcecode.swift; path = listEverythingAppTests.swift; sourceTree = "<group>"; };
		A63602081DD17F7C0010D6EA /* Info.plist */ = {isa = PBXFileReference; lastKnownFileType = text.plist.xml; path = Info.plist; sourceTree = "<group>"; };
		A63602111DD188810010D6EA /* List.swift */ = {isa = PBXFileReference; fileEncoding = 4; lastKnownFileType = sourcecode.swift; path = List.swift; sourceTree = "<group>"; };
/* End PBXFileReference section */

/* Begin PBXFrameworksBuildPhase section */
		A63601EB1DD17F7C0010D6EA /* Frameworks */ = {
			isa = PBXFrameworksBuildPhase;
			buildActionMask = 2147483647;
			files = (
			);
			runOnlyForDeploymentPostprocessing = 0;
		};
		A63601FF1DD17F7C0010D6EA /* Frameworks */ = {
			isa = PBXFrameworksBuildPhase;
			buildActionMask = 2147483647;
			files = (
			);
			runOnlyForDeploymentPostprocessing = 0;
		};
/* End PBXFrameworksBuildPhase section */

/* Begin PBXGroup section */
		A63601E51DD17F7C0010D6EA = {
			isa = PBXGroup;
			children = (
				A63601F01DD17F7C0010D6EA /* listEverythingApp */,
				A63602051DD17F7C0010D6EA /* listEverythingAppTests */,
				A63601EF1DD17F7C0010D6EA /* Products */,
			);
			sourceTree = "<group>";
		};
		A63601EF1DD17F7C0010D6EA /* Products */ = {
			isa = PBXGroup;
			children = (
				A63601EE1DD17F7C0010D6EA /* listEverythingApp.app */,
				A63602021DD17F7C0010D6EA /* listEverythingAppTests.xctest */,
			);
			name = Products;
			sourceTree = "<group>";
		};
		A63601F01DD17F7C0010D6EA /* listEverythingApp */ = {
			isa = PBXGroup;
			children = (
				A63601F11DD17F7C0010D6EA /* AppDelegate.swift */,
				A63601F31DD17F7C0010D6EA /* ViewController.swift */,
				A63602111DD188810010D6EA /* List.swift */,
				A63601F51DD17F7C0010D6EA /* Main.storyboard */,
				A63601F81DD17F7C0010D6EA /* Assets.xcassets */,
				A63601FA1DD17F7C0010D6EA /* LaunchScreen.storyboard */,
				A63601FD1DD17F7C0010D6EA /* Info.plist */,
			);
			path = listEverythingApp;
			sourceTree = "<group>";
		};
		A63602051DD17F7C0010D6EA /* listEverythingAppTests */ = {
			isa = PBXGroup;
			children = (
				A63602061DD17F7C0010D6EA /* listEverythingAppTests.swift */,
				A63602081DD17F7C0010D6EA /* Info.plist */,
			);
			path = listEverythingAppTests;
			sourceTree = "<group>";
		};
/* End PBXGroup section */

/* Begin PBXNativeTarget section */
		A63601ED1DD17F7C0010D6EA /* listEverythingApp */ = {
			isa = PBXNativeTarget;
			buildConfigurationList = A636020B1DD17F7C0010D6EA /* Build configuration list for PBXNativeTarget "listEverythingApp" */;
			buildPhases = (
				A63601EA1DD17F7C0010D6EA /* Sources */,
				A63601EB1DD17F7C0010D6EA /* Frameworks */,
				A63601EC1DD17F7C0010D6EA /* Resources */,
			);
			buildRules = (
			);
			dependencies = (
			);
			name = listEverythingApp;
			productName = listEverythingApp;
			productReference = A63601EE1DD17F7C0010D6EA /* listEverythingApp.app */;
			productType = "com.apple.product-type.application";
		};
		A63602011DD17F7C0010D6EA /* listEverythingAppTests */ = {
			isa = PBXNativeTarget;
			buildConfigurationList = A636020E1DD17F7C0010D6EA /* Build configuration list for PBXNativeTarget "listEverythingAppTests" */;
			buildPhases = (
				A63601FE1DD17F7C0010D6EA /* Sources */,
				A63601FF1DD17F7C0010D6EA /* Frameworks */,
				A63602001DD17F7C0010D6EA /* Resources */,
			);
			buildRules = (
			);
			dependencies = (
				A63602041DD17F7C0010D6EA /* PBXTargetDependency */,
			);
			name = listEverythingAppTests;
			productName = listEverythingAppTests;
			productReference = A63602021DD17F7C0010D6EA /* listEverythingAppTests.xctest */;
			productType = "com.apple.product-type.bundle.unit-test";
		};
/* End PBXNativeTarget section */

/* Begin PBXProject section */
		A63601E61DD17F7C0010D6EA /* Project object */ = {
			isa = PBXProject;
			attributes = {
				LastSwiftUpdateCheck = 0810;
				LastUpgradeCheck = 0810;
				ORGANIZATIONNAME = "Marek Newton";
				TargetAttributes = {
					A63601ED1DD17F7C0010D6EA = {
						CreatedOnToolsVersion = 8.1;
						ProvisioningStyle = Automatic;
					};
					A63602011DD17F7C0010D6EA = {
						CreatedOnToolsVersion = 8.1;
						ProvisioningStyle = Automatic;
						TestTargetID = A63601ED1DD17F7C0010D6EA;
					};
				};
			};
			buildConfigurationList = A63601E91DD17F7C0010D6EA /* Build configuration list for PBXProject "listEverythingApp" */;
			compatibilityVersion = "Xcode 3.2";
			developmentRegion = English;
			hasScannedForEncodings = 0;
			knownRegions = (
				en,
				Base,
			);
			mainGroup = A63601E51DD17F7C0010D6EA;
			productRefGroup = A63601EF1DD17F7C0010D6EA /* Products */;
			projectDirPath = "";
			projectRoot = "";
			targets = (
				A63601ED1DD17F7C0010D6EA /* listEverythingApp */,
				A63602011DD17F7C0010D6EA /* listEverythingAppTests */,
			);
		};
/* End PBXProject section */

/* Begin PBXResourcesBuildPhase section */
		A63601EC1DD17F7C0010D6EA /* Resources */ = {
			isa = PBXResourcesBuildPhase;
			buildActionMask = 2147483647;
			files = (
				A63601FC1DD17F7C0010D6EA /* LaunchScreen.storyboard in Resources */,
				A63601F91DD17F7C0010D6EA /* Assets.xcassets in Resources */,
				A63601F71DD17F7C0010D6EA /* Main.storyboard in Resources */,
			);
			runOnlyForDeploymentPostprocessing = 0;
		};
		A63602001DD17F7C0010D6EA /* Resources */ = {
			isa = PBXResourcesBuildPhase;
			buildActionMask = 2147483647;
			files = (
			);
			runOnlyForDeploymentPostprocessing = 0;
		};
/* End PBXResourcesBuildPhase section */

/* Begin PBXSourcesBuildPhase section */
		A63601EA1DD17F7C0010D6EA /* Sources */ = {
			isa = PBXSourcesBuildPhase;
			buildActionMask = 2147483647;
			files = (
				A63601F41DD17F7C0010D6EA /* ViewController.swift in Sources */,
				A63601F21DD17F7C0010D6EA /* AppDelegate.swift in Sources */,
				A63602121DD188810010D6EA /* List.swift in Sources */,
			);
			runOnlyForDeploymentPostprocessing = 0;
		};
		A63601FE1DD17F7C0010D6EA /* Sources */ = {
			isa = PBXSourcesBuildPhase;
			buildActionMask = 2147483647;
			files = (
				A63602071DD17F7C0010D6EA /* listEverythingAppTests.swift in Sources */,
			);
			runOnlyForDeploymentPostprocessing = 0;
		};
/* End PBXSourcesBuildPhase section */

/* Begin PBXTargetDependency section */
		A63602041DD17F7C0010D6EA /* PBXTargetDependency */ = {
			isa = PBXTargetDependency;
			target = A63601ED1DD17F7C0010D6EA /* listEverythingApp */;
			targetProxy = A63602031DD17F7C0010D6EA /* PBXContainerItemProxy */;
		};
/* End PBXTargetDependency section */

/* Begin PBXVariantGroup section */
		A63601F51DD17F7C0010D6EA /* Main.storyboard */ = {
			isa = PBXVariantGroup;
			children = (
				A63601F61DD17F7C0010D6EA /* Base */,
			);
			name = Main.storyboard;
			sourceTree = "<group>";
		};
		A63601FA1DD17F7C0010D6EA /* LaunchScreen.storyboard */ = {
			isa = PBXVariantGroup;
			children = (
				A63601FB1DD17F7C0010D6EA /* Base */,
			);
			name = LaunchScreen.storyboard;
			sourceTree = "<group>";
		};
/* End PBXVariantGroup section */

/* Begin XCBuildConfiguration section */
		A63602091DD17F7C0010D6EA /* Debug */ = {
			isa = XCBuildConfiguration;
			buildSettings = {
				ALWAYS_SEARCH_USER_PATHS = NO;
				CLANG_ANALYZER_NONNULL = YES;
				CLANG_CXX_LANGUAGE_STANDARD = "gnu++0x";
				CLANG_CXX_LIBRARY = "libc++";
				CLANG_ENABLE_MODULES = YES;
				CLANG_ENABLE_OBJC_ARC = YES;
				CLANG_WARN_BOOL_CONVERSION = YES;
				CLANG_WARN_CONSTANT_CONVERSION = YES;
				CLANG_WARN_DIRECT_OBJC_ISA_USAGE = YES_ERROR;
				CLANG_WARN_DOCUMENTATION_COMMENTS = YES;
				CLANG_WARN_EMPTY_BODY = YES;
				CLANG_WARN_ENUM_CONVERSION = YES;
				CLANG_WARN_INFINITE_RECURSION = YES;
				CLANG_WARN_INT_CONVERSION = YES;
				CLANG_WARN_OBJC_ROOT_CLASS = YES_ERROR;
				CLANG_WARN_SUSPICIOUS_MOVES = YES;
				CLANG_WARN_UNREACHABLE_CODE = YES;
				CLANG_WARN__DUPLICATE_METHOD_MATCH = YES;
				"CODE_SIGN_IDENTITY[sdk=iphoneos*]" = "iPhone Developer";
				COPY_PHASE_STRIP = NO;
				DEBUG_INFORMATION_FORMAT = dwarf;
				ENABLE_STRICT_OBJC_MSGSEND = YES;
				ENABLE_TESTABILITY = YES;
				GCC_C_LANGUAGE_STANDARD = gnu99;
				GCC_DYNAMIC_NO_PIC = NO;
				GCC_NO_COMMON_BLOCKS = YES;
				GCC_OPTIMIZATION_LEVEL = 0;
				GCC_PREPROCESSOR_DEFINITIONS = (
					"DEBUG=1",
					"$(inherited)",
				);
				GCC_WARN_64_TO_32_BIT_CONVERSION = YES;
				GCC_WARN_ABOUT_RETURN_TYPE = YES_ERROR;
				GCC_WARN_UNDECLARED_SELECTOR = YES;
				GCC_WARN_UNINITIALIZED_AUTOS = YES_AGGRESSIVE;
				GCC_WARN_UNUSED_FUNCTION = YES;
				GCC_WARN_UNUSED_VARIABLE = YES;
				IPHONEOS_DEPLOYMENT_TARGET = 10.1;
				MTL_ENABLE_DEBUG_INFO = YES;
				ONLY_ACTIVE_ARCH = YES;
				SDKROOT = iphoneos;
				SWIFT_ACTIVE_COMPILATION_CONDITIONS = DEBUG;
				SWIFT_OPTIMIZATION_LEVEL = "-Onone";
				TARGETED_DEVICE_FAMILY = "1,2";
			};
			name = Debug;
		};
		A636020A1DD17F7C0010D6EA /* Release */ = {
			isa = XCBuildConfiguration;
			buildSettings = {
				ALWAYS_SEARCH_USER_PATHS = NO;
				CLANG_ANALYZER_NONNULL = YES;
				CLANG_CXX_LANGUAGE_STANDARD = "gnu++0x";
				CLANG_CXX_LIBRARY = "libc++";
				CLANG_ENABLE_MODULES = YES;
				CLANG_ENABLE_OBJC_ARC = YES;
				CLANG_WARN_BOOL_CONVERSION = YES;
				CLANG_WARN_CONSTANT_CONVERSION = YES;
				CLANG_WARN_DIRECT_OBJC_ISA_USAGE = YES_ERROR;
				CLANG_WARN_DOCUMENTATION_COMMENTS = YES;
				CLANG_WARN_EMPTY_BODY = YES;
				CLANG_WARN_ENUM_CONVERSION = YES;
				CLANG_WARN_INFINITE_RECURSION = YES;
				CLANG_WARN_INT_CONVERSION = YES;
				CLANG_WARN_OBJC_ROOT_CLASS = YES_ERROR;
				CLANG_WARN_SUSPICIOUS_MOVES = YES;
				CLANG_WARN_UNREACHABLE_CODE = YES;
				CLANG_WARN__DUPLICATE_METHOD_MATCH = YES;
				"CODE_SIGN_IDENTITY[sdk=iphoneos*]" = "iPhone Developer";
				COPY_PHASE_STRIP = NO;
				DEBUG_INFORMATION_FORMAT = "dwarf-with-dsym";
				ENABLE_NS_ASSERTIONS = NO;
				ENABLE_STRICT_OBJC_MSGSEND = YES;
				GCC_C_LANGUAGE_STANDARD = gnu99;
				GCC_NO_COMMON_BLOCKS = YES;
				GCC_WARN_64_TO_32_BIT_CONVERSION = YES;
				GCC_WARN_ABOUT_RETURN_TYPE = YES_ERROR;
				GCC_WARN_UNDECLARED_SELECTOR = YES;
				GCC_WARN_UNINITIALIZED_AUTOS = YES_AGGRESSIVE;
				GCC_WARN_UNUSED_FUNCTION = YES;
				GCC_WARN_UNUSED_VARIABLE = YES;
				IPHONEOS_DEPLOYMENT_TARGET = 10.1;
				MTL_ENABLE_DEBUG_INFO = NO;
				SDKROOT = iphoneos;
				SWIFT_OPTIMIZATION_LEVEL = "-Owholemodule";
				TARGETED_DEVICE_FAMILY = "1,2";
				VALIDATE_PRODUCT = YES;
			};
			name = Release;
		};
		A636020C1DD17F7C0010D6EA /* Debug */ = {
			isa = XCBuildConfiguration;
			buildSettings = {
				ASSETCATALOG_COMPILER_APPICON_NAME = AppIcon;
				INFOPLIST_FILE = listEverythingApp/Info.plist;
				LD_RUNPATH_SEARCH_PATHS = "$(inherited) @executable_path/Frameworks";
				PRODUCT_BUNDLE_IDENTIFIER = Marek.listEverythingApp;
				PRODUCT_NAME = "$(TARGET_NAME)";
				SWIFT_VERSION = 3.0;
			};
			name = Debug;
		};
		A636020D1DD17F7C0010D6EA /* Release */ = {
			isa = XCBuildConfiguration;
			buildSettings = {
				ASSETCATALOG_COMPILER_APPICON_NAME = AppIcon;
				INFOPLIST_FILE = listEverythingApp/Info.plist;
				LD_RUNPATH_SEARCH_PATHS = "$(inherited) @executable_path/Frameworks";
				PRODUCT_BUNDLE_IDENTIFIER = Marek.listEverythingApp;
				PRODUCT_NAME = "$(TARGET_NAME)";
				SWIFT_VERSION = 3.0;
			};
			name = Release;
		};
		A636020F1DD17F7C0010D6EA /* Debug */ = {
			isa = XCBuildConfiguration;
			buildSettings = {
				ALWAYS_EMBED_SWIFT_STANDARD_LIBRARIES = YES;
				BUNDLE_LOADER = "$(TEST_HOST)";
				INFOPLIST_FILE = listEverythingAppTests/Info.plist;
				LD_RUNPATH_SEARCH_PATHS = "$(inherited) @executable_path/Frameworks @loader_path/Frameworks";
				PRODUCT_BUNDLE_IDENTIFIER = Marek.listEverythingAppTests;
				PRODUCT_NAME = "$(TARGET_NAME)";
				SWIFT_VERSION = 3.0;
				TEST_HOST = "$(BUILT_PRODUCTS_DIR)/listEverythingApp.app/listEverythingApp";
			};
			name = Debug;
		};
		A63602101DD17F7C0010D6EA /* Release */ = {
			isa = XCBuildConfiguration;
			buildSettings = {
				ALWAYS_EMBED_SWIFT_STANDARD_LIBRARIES = YES;
				BUNDLE_LOADER = "$(TEST_HOST)";
				INFOPLIST_FILE = listEverythingAppTests/Info.plist;
				LD_RUNPATH_SEARCH_PATHS = "$(inherited) @executable_path/Frameworks @loader_path/Frameworks";
				PRODUCT_BUNDLE_IDENTIFIER = Marek.listEverythingAppTests;
				PRODUCT_NAME = "$(TARGET_NAME)";
				SWIFT_VERSION = 3.0;
				TEST_HOST = "$(BUILT_PRODUCTS_DIR)/listEverythingApp.app/listEverythingApp";
			};
			name = Release;
		};
/* End XCBuildConfiguration section */

/* Begin XCConfigurationList section */
		A63601E91DD17F7C0010D6EA /* Build configuration list for PBXProject "listEverythingApp" */ = {
			isa = XCConfigurationList;
			buildConfigurations = (
				A63602091DD17F7C0010D6EA /* Debug */,
				A636020A1DD17F7C0010D6EA /* Release */,
			);
			defaultConfigurationIsVisible = 0;
			defaultConfigurationName = Release;
		};
		A636020B1DD17F7C0010D6EA /* Build configuration list for PBXNativeTarget "listEverythingApp" */ = {
			isa = XCConfigurationList;
			buildConfigurations = (
				A636020C1DD17F7C0010D6EA /* Debug */,
				A636020D1DD17F7C0010D6EA /* Release */,
			);
			defaultConfigurationIsVisible = 0;
		};
		A636020E1DD17F7C0010D6EA /* Build configuration list for PBXNativeTarget "listEverythingAppTests" */ = {
			isa = XCConfigurationList;
			buildConfigurations = (
				A636020F1DD17F7C0010D6EA /* Debug */,
				A63602101DD17F7C0010D6EA /* Release */,
			);
			defaultConfigurationIsVisible = 0;
		};
/* End XCConfigurationList section */
	};
	rootObject = A63601E61DD17F7C0010D6EA /* Project object */;
}
